// !$*UTF8*$!
{
	archiveVersion = 1;
	classes = {
	};
	objectVersion = 56;
	objects = {

/* Begin PBXBuildFile section */
		A00000000000000000000031 /* TalkaMacApp.swift in Sources */ = {isa = PBXBuildFile; fileRef = A00000000000000000000011 /* TalkaMacApp.swift */; };
		A00000000000000000000032 /* TalkaMacTests.swift in Sources */ = {isa = PBXBuildFile; fileRef = A00000000000000000000012 /* TalkaMacTests.swift */; };
		A00000000000000000000033 /* ServerProcessManager.swift in Sources */ = {isa = PBXBuildFile; fileRef = A00000000000000000000017 /* ServerProcessManager.swift */; };
		A00000000000000000000034 /* Assets.xcassets in Resources */ = {isa = PBXBuildFile; fileRef = A00000000000000000000110 /* Assets.xcassets */; };
		A00000000000000000000101 /* RuntimeConfigGenerator.swift in Sources */ = {isa = PBXBuildFile; fileRef = A00000000000000000000100 /* RuntimeConfigGenerator.swift */; };
/* End PBXBuildFile section */

/* Begin PBXContainerItemProxy section */
		A00000000000000000000041 /* PBXContainerItemProxy */ = {
			isa = PBXContainerItemProxy;
			containerPortal = A00000000000000000000001 /* Project object */;
			proxyType = 1;
			remoteGlobalIDString = A00000000000000000000021;
			remoteInfo = TalkaMac;
		};
/* End PBXContainerItemProxy section */

/* Begin PBXFileReference section */
		A00000000000000000000011 /* TalkaMacApp.swift */ = {isa = PBXFileReference; lastKnownFileType = sourcecode.swift; path = TalkaMacApp.swift; sourceTree = "<group>"; };
		A00000000000000000000012 /* TalkaMacTests.swift */ = {isa = PBXFileReference; lastKnownFileType = sourcecode.swift; path = TalkaMacTests.swift; sourceTree = "<group>"; };
		A00000000000000000000017 /* ServerProcessManager.swift */ = {isa = PBXFileReference; lastKnownFileType = sourcecode.swift; path = ServerProcessManager.swift; sourceTree = "<group>"; };
		A00000000000000000000100 /* RuntimeConfigGenerator.swift */ = {isa = PBXFileReference; lastKnownFileType = sourcecode.swift; path = RuntimeConfigGenerator.swift; sourceTree = "<group>"; };
		A00000000000000000000013 /* Info.plist */ = {isa = PBXFileReference; lastKnownFileType = text.plist.xml; path = Info.plist; sourceTree = "<group>"; };
		A00000000000000000000014 /* Tests-Info.plist */ = {isa = PBXFileReference; lastKnownFileType = text.plist.xml; path = Info.plist; sourceTree = "<group>"; };
		A00000000000000000000015 /* TalkaMac.app */ = {isa = PBXFileReference; explicitFileType = wrapper.application; includeInIndex = 0; path = TalkaMac.app; sourceTree = BUILT_PRODUCTS_DIR; };
		A00000000000000000000016 /* TalkaMacTests.xctest */ = {isa = PBXFileReference; explicitFileType = wrapper.cfbundle; includeInIndex = 0; path = TalkaMacTests.xctest; sourceTree = BUILT_PRODUCTS_DIR; };
		A00000000000000000000110 /* Assets.xcassets */ = {isa = PBXFileReference; lastKnownFileType = folder.assetcatalog; path = Assets.xcassets; sourceTree = "<group>"; };
/* End PBXFileReference section */

/* Begin PBXFrameworksBuildPhase section */
		A00000000000000000000050 /* Frameworks */ = {
			isa = PBXFrameworksBuildPhase;
			buildActionMask = 2147483647;
			files = (
			);
			runOnlyForDeploymentPostprocessing = 0;
		};
		A00000000000000000000051 /* Frameworks */ = {
			isa = PBXFrameworksBuildPhase;
			buildActionMask = 2147483647;
			files = (
			);
			runOnlyForDeploymentPostprocessing = 0;
		};
/* End PBXFrameworksBuildPhase section */

/* Begin PBXShellScriptBuildPhase section */
		A00000000000000000000090 /* Build Go Binaries */ = {
			isa = PBXShellScriptBuildPhase;
			alwaysOutOfDate = 1;
			buildActionMask = 2147483647;
			files = (
			);
			inputPaths = (
				"$(SRCROOT)/../../scripts/build-go-binaries.sh",
				"$(SRCROOT)/../../cmd/talka-server/main.go",
			);
			name = "Build Go Binaries";
			outputPaths = (
				"${BUILT_PRODUCTS_DIR}/${UNLOCALIZED_RESOURCES_FOLDER_PATH}/talka-server",
				"${BUILT_PRODUCTS_DIR}/${UNLOCALIZED_RESOURCES_FOLDER_PATH}/talka-asr-runtime",
			);
			runOnlyForDeploymentPostprocessing = 0;
			shellPath = /bin/sh;
			shellScript = "cd ${PROJECT_DIR}/../../.. && ./scripts/build-go-binaries.sh --output-dir \"${BUILT_PRODUCTS_DIR}/${UNLOCALIZED_RESOURCES_FOLDER_PATH}\" --for-bundle --binaries \"talka-server talka-asr-runtime\"";
		};
/* End PBXShellScriptBuildPhase section */

/* Begin PBXBuildPhase - Copy Models section */
		A00000000000000000000091 /* Copy Models */ = {
			isa = PBXShellScriptBuildPhase;
			alwaysOutOfDate = 1;
			buildActionMask = 2147483647;
			files = (
			);
			inputPaths = (
			);
			name = "Copy Models";
			outputPaths = (
			);
			runOnlyForDeploymentPostprocessing = 0;
			shellPath = /bin/sh;
			shellScript = "MODELS_SRC=\"${PROJECT_DIR}/../../../models/funasr\"\nMODELS_DST=\"${BUILT_PRODUCTS_DIR}/${UNLOCALIZED_RESOURCES_FOLDER_PATH}/models/funasr\"\nHOTWORDS_SRC=\"${PROJECT_DIR}/../../../hotwords.txt\"\n\nmkdir -p \"${MODELS_DST}\"\nfor model_dir in paraformer-zh-onnx paraformer-zh-online-onnx fsmn-vad-onnx ct-punc-onnx itn-zh; do\n  if [ -d \"${MODELS_SRC}/${model_dir}\" ]; then\n    cp -R \"${MODELS_SRC}/${model_dir}\" \"${MODELS_DST}/\"\n    echo \"Copied ${model_dir}\"\n  else\n    echo \"Warning: ${model_dir} not found, skipping\"\n  fi\ndone\n\nif [ -f \"${HOTWORDS_SRC}\" ]; then\n  cp \"${HOTWORDS_SRC}\" \"${BUILT_PRODUCTS_DIR}/${UNLOCALIZED_RESOURCES_FOLDER_PATH}/hotwords.txt\"\n  echo \"Copied hotwords.txt\"\nfi\n";
		};
/* End PBXBuildPhase - Copy Models section */

/* Begin PBXGroup section */
		A00000000000000000000002 = {
			isa = PBXGroup;
			children = (
				A00000000000000000000003 /* TalkaMac */,
				A00000000000000000000004 /* TalkaMacTests */,
				A00000000000000000000005 /* Products */,
			);
			sourceTree = "<group>";
		};
		A00000000000000000000003 /* TalkaMac */ = {
			isa = PBXGroup;
			children = (
				A00000000000000000000011 /* TalkaMacApp.swift */,
				A00000000000000000000017 /* ServerProcessManager.swift */,
				A00000000000000000000100 /* RuntimeConfigGenerator.swift */,
				A00000000000000000000013 /* Info.plist */,
				A00000000000000000000110 /* Assets.xcassets */,
			);
			path = "";
			sourceTree = "<group>";
		};
		A00000000000000000000004 /* TalkaMacTests */ = {
			isa = PBXGroup;
			children = (
				A00000000000000000000012 /* TalkaMacTests.swift */,
				A00000000000000000000014 /* Tests-Info.plist */,
			);
			path = Tests;
			sourceTree = "<group>";
		};
		A00000000000000000000005 /* Products */ = {
			isa = PBXGroup;
			children = (
				A00000000000000000000015 /* TalkaMac.app */,
				A00000000000000000000016 /* TalkaMacTests.xctest */,
			);
			name = Products;
			sourceTree = "<group>";
		};
/* End PBXGroup section */

/* Begin PBXNativeTarget section */
		A00000000000000000000021 /* TalkaMac */ = {
			isa = PBXNativeTarget;
			buildConfigurationList = A00000000000000000000061 /* Build configuration list for PBXNativeTarget "TalkaMac" */;
		buildPhases = (
			A00000000000000000000090 /* Build Go Binaries */,
			A00000000000000000000091 /* Copy Models */,
			A00000000000000000000071 /* Sources */,
			A00000000000000000000050 /* Frameworks */,
			A00000000000000000000074 /* Resources */,
		);
			buildRules = (
			);
			dependencies = (
			);
			name = TalkaMac;
			productName = TalkaMac;
			productReference = A00000000000000000000015 /* TalkaMac.app */;
			productType = "com.apple.product-type.application";
		};
		A00000000000000000000022 /* TalkaMacTests */ = {
			isa = PBXNativeTarget;
			buildConfigurationList = A00000000000000000000062 /* Build configuration list for PBXNativeTarget "TalkaMacTests" */;
			buildPhases = (
				A00000000000000000000072 /* Sources */,
				A00000000000000000000051 /* Frameworks */,
			);
			buildRules = (
			);
			dependencies = (
				A00000000000000000000042 /* PBXTargetDependency */,
			);
			name = TalkaMacTests;
			productName = TalkaMacTests;
			productReference = A00000000000000000000016 /* TalkaMacTests.xctest */;
			productType = "com.apple.product-type.bundle.unit-test";
		};
/* End PBXNativeTarget section */

/* Begin PBXProject section */
		A00000000000000000000001 /* Project object */ = {
			isa = PBXProject;
			attributes = {
				BuildIndependentTargetsInParallel = 1;
				LastSwiftUpdateCheck = 1600;
				LastUpgradeCheck = 1600;
				TargetAttributes = {
					A00000000000000000000021 = {
						CreatedOnToolsVersion = 16.0;
					};
					A00000000000000000000022 = {
						CreatedOnToolsVersion = 16.0;
						TestTargetID = A00000000000000000000021;
					};
				};
			};
			buildConfigurationList = A00000000000000000000060 /* Build configuration list for PBXProject "TalkaMac" */;
			compatibilityVersion = "Xcode 14.0";
			developmentRegion = en;
			hasScannedForEncodings = 0;
			knownRegions = (
				en,
				Base,
			);
			mainGroup = A00000000000000000000002;
			productRefGroup = A00000000000000000000005 /* Products */;
			projectDirPath = "";
			projectRoot = "";
			targets = (
				A00000000000000000000021 /* TalkaMac */,
				A00000000000000000000022 /* TalkaMacTests */,
			);
		};
/* End PBXProject section */

/* Begin PBXResourcesBuildPhase section */
		A00000000000000000000074 /* Resources */ = {
			isa = PBXResourcesBuildPhase;
			buildActionMask = 2147483647;
			files = (
				A00000000000000000000034 /* Assets.xcassets in Resources */,
			);
			runOnlyForDeploymentPostprocessing = 0;
		};
/* End PBXResourcesBuildPhase section */

/* Begin PBXSourcesBuildPhase section */
		A00000000000000000000071 /* Sources */ = {
			isa = PBXSourcesBuildPhase;
			buildActionMask = 2147483647;
			files = (
				A00000000000000000000031 /* TalkaMacApp.swift in Sources */,
				A00000000000000000000033 /* ServerProcessManager.swift in Sources */,
				A00000000000000000000101 /* RuntimeConfigGenerator.swift in Sources */,
			);
			runOnlyForDeploymentPostprocessing = 0;
		};
		A00000000000000000000072 /* Sources */ = {
			isa = PBXSourcesBuildPhase;
			buildActionMask = 2147483647;
			files = (
				A00000000000000000000032 /* TalkaMacTests.swift in Sources */,
			);
			runOnlyForDeploymentPostprocessing = 0;
		};
/* End PBXSourcesBuildPhase section */

/* Begin PBXTargetDependency section */
		A00000000000000000000042 /* PBXTargetDependency */ = {
			isa = PBXTargetDependency;
			target = A00000000000000000000021 /* TalkaMac */;
			targetProxy = A00000000000000000000041 /* PBXContainerItemProxy */;
		};
/* End PBXTargetDependency section */

/* Begin XCBuildConfiguration section */
		A00000000000000000000080 /* Debug */ = {
			isa = XCBuildConfiguration;
			buildSettings = {
				ASSETCATALOG_COMPILER_APPICON_NAME = AppIcon;
				CODE_SIGNING_ALLOWED = NO;
				DEVELOPMENT_TEAM = "";
				ENABLE_TESTABILITY = YES;
				ENABLE_HARDENED_RUNTIME = NO;
				MACOSX_DEPLOYMENT_TARGET = 14.0;
				PRODUCT_BUNDLE_IDENTIFIER = dev.talka.macos;
				PRODUCT_NAME = TalkaMac;
				SWIFT_OPTIMIZATION_LEVEL = "-Onone";
				SWIFT_EMIT_LOC_STRINGS = NO;
				SWIFT_VERSION = 5.0;
				GENERATE_INFOPLIST_FILE = NO;
				INFOPLIST_FILE = Info.plist;
			};
			name = Debug;
		};
		A00000000000000000000081 /* Release */ = {
			isa = XCBuildConfiguration;
			buildSettings = {
				ASSETCATALOG_COMPILER_APPICON_NAME = AppIcon;
				CODE_SIGNING_ALLOWED = NO;
				DEVELOPMENT_TEAM = "";
				ENABLE_HARDENED_RUNTIME = NO;
				MACOSX_DEPLOYMENT_TARGET = 14.0;
				PRODUCT_BUNDLE_IDENTIFIER = dev.talka.macos;
				PRODUCT_NAME = TalkaMac;
				SWIFT_EMIT_LOC_STRINGS = NO;
				SWIFT_VERSION = 5.0;
				GENERATE_INFOPLIST_FILE = NO;
				INFOPLIST_FILE = Info.plist;
			};
			name = Release;
		};
		A00000000000000000000082 /* Debug */ = {
			isa = XCBuildConfiguration;
			buildSettings = {
				BUNDLE_LOADER = "$(TEST_HOST)";
				CODE_SIGNING_ALLOWED = NO;
				ENABLE_TESTABILITY = YES;
				GENERATE_INFOPLIST_FILE = NO;
				INFOPLIST_FILE = Tests/Info.plist;
				MACOSX_DEPLOYMENT_TARGET = 14.0;
				PRODUCT_BUNDLE_IDENTIFIER = dev.talka.macos.tests;
				PRODUCT_NAME = TalkaMacTests;
				SWIFT_OPTIMIZATION_LEVEL = "-Onone";
				SWIFT_VERSION = 5.0;
				TEST_HOST = "$(BUILT_PRODUCTS_DIR)/TalkaMac.app/Contents/MacOS/TalkaMac";
				TEST_TARGET_NAME = TalkaMac;
			};
			name = Debug;
		};
		A00000000000000000000083 /* Release */ = {
			isa = XCBuildConfiguration;
			buildSettings = {
				BUNDLE_LOADER = "$(TEST_HOST)";
				CODE_SIGNING_ALLOWED = NO;
				GENERATE_INFOPLIST_FILE = NO;
				INFOPLIST_FILE = Tests/Info.plist;
				MACOSX_DEPLOYMENT_TARGET = 14.0;
				PRODUCT_BUNDLE_IDENTIFIER = dev.talka.macos.tests;
				PRODUCT_NAME = TalkaMacTests;
				SWIFT_VERSION = 5.0;
				TEST_HOST = "$(BUILT_PRODUCTS_DIR)/TalkaMac.app/Contents/MacOS/TalkaMac";
				TEST_TARGET_NAME = TalkaMac;
			};
			name = Release;
		};
		A00000000000000000000084 /* Debug */ = {
			isa = XCBuildConfiguration;
			buildSettings = {
				CLANG_ENABLE_MODULES = YES;
				MACOSX_DEPLOYMENT_TARGET = 14.0;
				SDKROOT = macosx;
				SWIFT_OPTIMIZATION_LEVEL = "-Onone";
				SWIFT_VERSION = 5.0;
			};
			name = Debug;
		};
		A00000000000000000000085 /* Release */ = {
			isa = XCBuildConfiguration;
			buildSettings = {
				CLANG_ENABLE_MODULES = YES;
				MACOSX_DEPLOYMENT_TARGET = 14.0;
				SDKROOT = macosx;
				SWIFT_VERSION = 5.0;
			};
			name = Release;
		};
/* End XCBuildConfiguration section */

/* Begin XCConfigurationList section */
		A00000000000000000000060 /* Build configuration list for PBXProject "TalkaMac" */ = {
			isa = XCConfigurationList;
			buildConfigurations = (
				A00000000000000000000084 /* Debug */,
				A00000000000000000000085 /* Release */,
			);
			defaultConfigurationIsVisible = 0;
			defaultConfigurationName = Release;
		};
		A00000000000000000000061 /* Build configuration list for PBXNativeTarget "TalkaMac" */ = {
			isa = XCConfigurationList;
			buildConfigurations = (
				A00000000000000000000080 /* Debug */,
				A00000000000000000000081 /* Release */,
			);
			defaultConfigurationIsVisible = 0;
			defaultConfigurationName = Release;
		};
		A00000000000000000000062 /* Build configuration list for PBXNativeTarget "TalkaMacTests" */ = {
			isa = XCConfigurationList;
			buildConfigurations = (
				A00000000000000000000082 /* Debug */,
				A00000000000000000000083 /* Release */,
			);
			defaultConfigurationIsVisible = 0;
			defaultConfigurationName = Release;
		};
/* End XCConfigurationList section */
	};
	rootObject = A00000000000000000000001 /* Project object */;
}
